
Microsoft Visual Studio Solution File, Format Version 12.00
# Visual Studio Version 16
VisualStudioVersion = 16.0.29509.3
MinimumVisualStudioVersion = 10.0.40219.1
Project("{8BC9CEB8-8B4A-11D0-8D11-00A0C91BC942}") = "iDll", "iDll\iDll.vcxproj", "{7DC7EC19-B7B2-4A1C-9407-B1875502313B}"
EndProject
Global
	GlobalSection(SolutionConfigurationPlatforms) = preSolution
		Debug|Win32 = Debug|Win32
		Release|Win32 = Release|Win32
	EndGlobalSection
	GlobalSection(ProjectConfigurationPlatforms) = postSolution
		{7DC7EC19-B7B2-4A1C-9407-B1875502313B}.Debug|Win32.ActiveCfg = Debug|Win32
		{7DC7EC19-B7B2-4A1C-9407-B1875502313B}.Debug|Win32.Build.0 = Debug|Win32
		{7DC7EC19-B7B2-4A1C-9407-B1875502313B}.Release|Win32.ActiveCfg = Release|Win32
		{7DC7EC19-B7B2-4A1C-9407-B1875502313B}.Release|Win32.Build.0 = Release|Win32
	EndGlobalSection
	GlobalSection(SolutionProperties) = preSolution
		HideSolutionNode = FALSE
	EndGlobalSection
	GlobalSection(ExtensibilityGlobals) = postSolution
		SolutionGuid = {4B15F8B0-7679-4C71-AE62-102A65EFBC23}
	EndGlobalSection
EndGlobal
